{
  "name": "tugas_week_7_nodejs",
  "version": "1.0.0",
  "lockfileVersion": 3,
  "requires": true,
  "packages": {
    "": {
      "name": "tugas_week_7_nodejs",
      "version": "1.0.0",
      "license": "ISC",
      "dependencies": {
        "tugas_week_7_nodejs": "file:"
      }
    },
    "node_modules/tugas_week_7_nodejs": {
      "resolved": "",
      "link": true
    }
  }
}
